
Microsoft Visual Studio Solution File, Format Version 12.00
# Visual Studio Version 17
VisualStudioVersion = 17.3.32825.248
MinimumVisualStudioVersion = 10.0.40219.1
Project("{9A19103F-16F7-4668-BE54-9A1E7A4F7556}") = "BigSystems.Aflevering1", "TestingBigSystems\BigSystems.Aflevering1.csproj", "{B46C4958-94FD-4EAD-8838-E9FCC4A634D2}"
EndProject
Project("{9A19103F-16F7-4668-BE54-9A1E7A4F7556}") = "BigSystems.Caseopgave.ParkingService", "Caseopgave\BigSystems.Caseopgave.ParkingService.csproj", "{412E7B65-8CCD-47DC-8C64-A6406D54C026}"
EndProject
Project("{E53339B2-1760-4266-BCC7-CA923CBCF16C}") = "docker-compose", "docker-compose.dcproj", "{5E40F8B1-E3C6-4D2F-AE9C-4797A1E67746}"
EndProject
Project("{9A19103F-16F7-4668-BE54-9A1E7A4F7556}") = "Testing.Code", "Testing.Code\Testing.Code.csproj", "{4D6EFB16-F54F-4969-8AA7-A9E97FDDF295}"
EndProject
Project("{9A19103F-16F7-4668-BE54-9A1E7A4F7556}") = "Testing.Code.Tests", "Testing.Code.Tests\Testing.Code.Tests.csproj", "{3CDBFDD8-A388-4CD7-A178-DA23184F5B94}"
EndProject
Project("{9A19103F-16F7-4668-BE54-9A1E7A4F7556}") = "BigSystems.Caseopgave.EventService", "Caseopgave.EventService\BigSystems.Caseopgave.EventService.csproj", "{E5D3439A-A97B-4135-95EA-36CF21364D44}"
EndProject
Project("{9A19103F-16F7-4668-BE54-9A1E7A4F7556}") = "Testing.Aflevering.Vejrudsigt", "Testing.Aflevering.Vejrudsigt\Testing.Aflevering.Vejrudsigt.csproj", "{A14592DA-54FD-4530-AF85-BBDD485EE3D3}"
EndProject
Project("{9A19103F-16F7-4668-BE54-9A1E7A4F7556}") = "Testing.Aflevering.Vejrudsigt.Tests", "Testing.Aflevering.Vejrudsigt.Tests\Testing.Aflevering.Vejrudsigt.Tests.csproj", "{AE61C31A-4330-4A9C-8A57-46CD466D2285}"
EndProject
Project("{FAE04EC0-301F-11D3-BF4B-00C04F79EFBC}") = "BigSystems.Aflevering.ParkingService.Tests", "BigSystems.Aflevering.ParkingService.Tests\BigSystems.Aflevering.ParkingService.Tests.csproj", "{16347818-3426-432E-ABBB-245F47E2C81F}"
EndProject
Global
	GlobalSection(SolutionConfigurationPlatforms) = preSolution
		Debug|Any CPU = Debug|Any CPU
		Release|Any CPU = Release|Any CPU
	EndGlobalSection
	GlobalSection(ProjectConfigurationPlatforms) = postSolution
		{B46C4958-94FD-4EAD-8838-E9FCC4A634D2}.Debug|Any CPU.ActiveCfg = Debug|Any CPU
		{B46C4958-94FD-4EAD-8838-E9FCC4A634D2}.Debug|Any CPU.Build.0 = Debug|Any CPU
		{B46C4958-94FD-4EAD-8838-E9FCC4A634D2}.Release|Any CPU.ActiveCfg = Release|Any CPU
		{B46C4958-94FD-4EAD-8838-E9FCC4A634D2}.Release|Any CPU.Build.0 = Release|Any CPU
		{412E7B65-8CCD-47DC-8C64-A6406D54C026}.Debug|Any CPU.ActiveCfg = Debug|Any CPU
		{412E7B65-8CCD-47DC-8C64-A6406D54C026}.Debug|Any CPU.Build.0 = Debug|Any CPU
		{412E7B65-8CCD-47DC-8C64-A6406D54C026}.Release|Any CPU.ActiveCfg = Release|Any CPU
		{412E7B65-8CCD-47DC-8C64-A6406D54C026}.Release|Any CPU.Build.0 = Release|Any CPU
		{5E40F8B1-E3C6-4D2F-AE9C-4797A1E67746}.Debug|Any CPU.ActiveCfg = Debug|Any CPU
		{5E40F8B1-E3C6-4D2F-AE9C-4797A1E67746}.Debug|Any CPU.Build.0 = Debug|Any CPU
		{5E40F8B1-E3C6-4D2F-AE9C-4797A1E67746}.Release|Any CPU.ActiveCfg = Release|Any CPU
		{5E40F8B1-E3C6-4D2F-AE9C-4797A1E67746}.Release|Any CPU.Build.0 = Release|Any CPU
		{4D6EFB16-F54F-4969-8AA7-A9E97FDDF295}.Debug|Any CPU.ActiveCfg = Debug|Any CPU
		{4D6EFB16-F54F-4969-8AA7-A9E97FDDF295}.Debug|Any CPU.Build.0 = Debug|Any CPU
		{4D6EFB16-F54F-4969-8AA7-A9E97FDDF295}.Release|Any CPU.ActiveCfg = Release|Any CPU
		{4D6EFB16-F54F-4969-8AA7-A9E97FDDF295}.Release|Any CPU.Build.0 = Release|Any CPU
		{3CDBFDD8-A388-4CD7-A178-DA23184F5B94}.Debug|Any CPU.ActiveCfg = Debug|Any CPU
		{3CDBFDD8-A388-4CD7-A178-DA23184F5B94}.Debug|Any CPU.Build.0 = Debug|Any CPU
		{3CDBFDD8-A388-4CD7-A178-DA23184F5B94}.Release|Any CPU.ActiveCfg = Release|Any CPU
		{3CDBFDD8-A388-4CD7-A178-DA23184F5B94}.Release|Any CPU.Build.0 = Release|Any CPU
		{E5D3439A-A97B-4135-95EA-36CF21364D44}.Debug|Any CPU.ActiveCfg = Debug|Any CPU
		{E5D3439A-A97B-4135-95EA-36CF21364D44}.Debug|Any CPU.Build.0 = Debug|Any CPU
		{E5D3439A-A97B-4135-95EA-36CF21364D44}.Release|Any CPU.ActiveCfg = Release|Any CPU
		{E5D3439A-A97B-4135-95EA-36CF21364D44}.Release|Any CPU.Build.0 = Release|Any CPU
		{A14592DA-54FD-4530-AF85-BBDD485EE3D3}.Debug|Any CPU.ActiveCfg = Debug|Any CPU
		{A14592DA-54FD-4530-AF85-BBDD485EE3D3}.Debug|Any CPU.Build.0 = Debug|Any CPU
		{A14592DA-54FD-4530-AF85-BBDD485EE3D3}.Release|Any CPU.ActiveCfg = Release|Any CPU
		{A14592DA-54FD-4530-AF85-BBDD485EE3D3}.Release|Any CPU.Build.0 = Release|Any CPU
		{AE61C31A-4330-4A9C-8A57-46CD466D2285}.Debug|Any CPU.ActiveCfg = Debug|Any CPU
		{AE61C31A-4330-4A9C-8A57-46CD466D2285}.Debug|Any CPU.Build.0 = Debug|Any CPU
		{AE61C31A-4330-4A9C-8A57-46CD466D2285}.Release|Any CPU.ActiveCfg = Release|Any CPU
		{AE61C31A-4330-4A9C-8A57-46CD466D2285}.Release|Any CPU.Build.0 = Release|Any CPU
		{16347818-3426-432E-ABBB-245F47E2C81F}.Debug|Any CPU.ActiveCfg = Debug|Any CPU
		{16347818-3426-432E-ABBB-245F47E2C81F}.Debug|Any CPU.Build.0 = Debug|Any CPU
		{16347818-3426-432E-ABBB-245F47E2C81F}.Release|Any CPU.ActiveCfg = Release|Any CPU
		{16347818-3426-432E-ABBB-245F47E2C81F}.Release|Any CPU.Build.0 = Release|Any CPU
	EndGlobalSection
	GlobalSection(SolutionProperties) = preSolution
		HideSolutionNode = FALSE
	EndGlobalSection
	GlobalSection(ExtensibilityGlobals) = postSolution
		SolutionGuid = {C04FEA74-56A2-4E9D-AAA1-E5A70DEE3CA9}
	EndGlobalSection
EndGlobal
